
Microsoft Visual Studio Solution File, Format Version 12.00
# Visual Studio Version 16
VisualStudioVersion = 16.0.29709.97
MinimumVisualStudioVersion = 10.0.40219.1
Project("{FAE04EC0-301F-11D3-BF4B-00C04F79EFBC}") = "TListProject", "TListProject\TListProject.csproj", "{5A30514B-F5E4-40AF-9170-E60B631A04E4}"
EndProject
Global
	GlobalSection(SolutionConfigurationPlatforms) = preSolution
		Debug|Any CPU = Debug|Any CPU
		Release|Any CPU = Release|Any CPU
	EndGlobalSection
	GlobalSection(ProjectConfigurationPlatforms) = postSolution
		{5A30514B-F5E4-40AF-9170-E60B631A04E4}.Debug|Any CPU.ActiveCfg = Debug|Any CPU
		{5A30514B-F5E4-40AF-9170-E60B631A04E4}.Debug|Any CPU.Build.0 = Debug|Any CPU
		{5A30514B-F5E4-40AF-9170-E60B631A04E4}.Release|Any CPU.ActiveCfg = Release|Any CPU
		{5A30514B-F5E4-40AF-9170-E60B631A04E4}.Release|Any CPU.Build.0 = Release|Any CPU
	EndGlobalSection
	GlobalSection(SolutionProperties) = preSolution
		HideSolutionNode = FALSE
	EndGlobalSection
	GlobalSection(ExtensibilityGlobals) = postSolution
		SolutionGuid = {8EDBD6B2-33CF-4971-8B57-D1870718859D}
	EndGlobalSection
EndGlobal
